
Microsoft Visual Studio Solution File, Format Version 12.00
# Visual Studio Version 16
VisualStudioVersion = 16.0.28407.52
MinimumVisualStudioVersion = 10.0.40219.1
Project("{FAE04EC0-301F-11D3-BF4B-00C04F79EFBC}") = "BELIT2", "BELIT2.csproj", "{880CCE39-9C22-44E1-8570-2809CD7E66FF}"
EndProject
Global
	GlobalSection(SolutionConfigurationPlatforms) = preSolution
		Debug|Any CPU = Debug|Any CPU
		Release|Any CPU = Release|Any CPU
	EndGlobalSection
	GlobalSection(ProjectConfigurationPlatforms) = postSolution
		{880CCE39-9C22-44E1-8570-2809CD7E66FF}.Debug|Any CPU.ActiveCfg = Debug|Any CPU
		{880CCE39-9C22-44E1-8570-2809CD7E66FF}.Debug|Any CPU.Build.0 = Debug|Any CPU
		{880CCE39-9C22-44E1-8570-2809CD7E66FF}.Release|Any CPU.ActiveCfg = Release|Any CPU
		{880CCE39-9C22-44E1-8570-2809CD7E66FF}.Release|Any CPU.Build.0 = Release|Any CPU
	EndGlobalSection
	GlobalSection(SolutionProperties) = preSolution
		HideSolutionNode = FALSE
	EndGlobalSection
	GlobalSection(ExtensibilityGlobals) = postSolution
		SolutionGuid = {E3818B6B-F7FD-4D14-9762-3BF68CACD301}
	EndGlobalSection
EndGlobal
