
Microsoft Visual Studio Solution File, Format Version 12.00
# Visual Studio 15
VisualStudioVersion = 15.0.28307.136
MinimumVisualStudioVersion = 10.0.40219.1
Project("{FAE04EC0-301F-11D3-BF4B-00C04F79EFBC}") = "RMMR", "RMMR\RMMR.csproj", "{FD4FB0F7-ED6B-4738-86CF-69A6C5B211ED}"
EndProject
Global
	GlobalSection(SolutionConfigurationPlatforms) = preSolution
		Debug|Any CPU = Debug|Any CPU
		Release|Any CPU = Release|Any CPU
	EndGlobalSection
	GlobalSection(ProjectConfigurationPlatforms) = postSolution
		{FD4FB0F7-ED6B-4738-86CF-69A6C5B211ED}.Debug|Any CPU.ActiveCfg = Debug|Any CPU
		{FD4FB0F7-ED6B-4738-86CF-69A6C5B211ED}.Debug|Any CPU.Build.0 = Debug|Any CPU
		{FD4FB0F7-ED6B-4738-86CF-69A6C5B211ED}.Release|Any CPU.ActiveCfg = Release|Any CPU
		{FD4FB0F7-ED6B-4738-86CF-69A6C5B211ED}.Release|Any CPU.Build.0 = Release|Any CPU
	EndGlobalSection
	GlobalSection(SolutionProperties) = preSolution
		HideSolutionNode = FALSE
	EndGlobalSection
	GlobalSection(ExtensibilityGlobals) = postSolution
		SolutionGuid = {B11ED865-C04C-41D1-AABC-8FB7D481581E}
	EndGlobalSection
EndGlobal
