
Microsoft Visual Studio Solution File, Format Version 12.00
# Visual Studio Version 16
VisualStudioVersion = 16.0.28315.86
MinimumVisualStudioVersion = 10.0.40219.1
Project("{FAE04EC0-301F-11D3-BF4B-00C04F79EFBC}") = "SENST", "SENST.csproj", "{17EF613C-19D3-4F45-BFAC-38BE970747B1}"
EndProject
Global
	GlobalSection(SolutionConfigurationPlatforms) = preSolution
		Debug|Any CPU = Debug|Any CPU
		Release|Any CPU = Release|Any CPU
	EndGlobalSection
	GlobalSection(ProjectConfigurationPlatforms) = postSolution
		{17EF613C-19D3-4F45-BFAC-38BE970747B1}.Debug|Any CPU.ActiveCfg = Debug|Any CPU
		{17EF613C-19D3-4F45-BFAC-38BE970747B1}.Debug|Any CPU.Build.0 = Debug|Any CPU
		{17EF613C-19D3-4F45-BFAC-38BE970747B1}.Release|Any CPU.ActiveCfg = Release|Any CPU
		{17EF613C-19D3-4F45-BFAC-38BE970747B1}.Release|Any CPU.Build.0 = Release|Any CPU
	EndGlobalSection
	GlobalSection(SolutionProperties) = preSolution
		HideSolutionNode = FALSE
	EndGlobalSection
	GlobalSection(ExtensibilityGlobals) = postSolution
		SolutionGuid = {139A0C44-06DD-433C-95E2-1C3DFC4324B5}
	EndGlobalSection
EndGlobal
